
Microsoft Visual Studio Solution File, Format Version 12.00
# Visual Studio Version 17
VisualStudioVersion = 17.4.33213.308
MinimumVisualStudioVersion = 10.0.40219.1
Project("{FAE04EC0-301F-11D3-BF4B-00C04F79EFBC}") = "ConsoleApp_Task_18_Final", "ConsoleApp_Task_18_Final\ConsoleApp_Task_18_Final.csproj", "{3DEFE762-74A4-4679-BD6E-2FB91E831B5A}"
EndProject
Global
	GlobalSection(SolutionConfigurationPlatforms) = preSolution
		Debug|Any CPU = Debug|Any CPU
		Release|Any CPU = Release|Any CPU
	EndGlobalSection
	GlobalSection(ProjectConfigurationPlatforms) = postSolution
		{3DEFE762-74A4-4679-BD6E-2FB91E831B5A}.Debug|Any CPU.ActiveCfg = Debug|Any CPU
		{3DEFE762-74A4-4679-BD6E-2FB91E831B5A}.Debug|Any CPU.Build.0 = Debug|Any CPU
		{3DEFE762-74A4-4679-BD6E-2FB91E831B5A}.Release|Any CPU.ActiveCfg = Release|Any CPU
		{3DEFE762-74A4-4679-BD6E-2FB91E831B5A}.Release|Any CPU.Build.0 = Release|Any CPU
	EndGlobalSection
	GlobalSection(SolutionProperties) = preSolution
		HideSolutionNode = FALSE
	EndGlobalSection
	GlobalSection(ExtensibilityGlobals) = postSolution
		SolutionGuid = {CC7D0A94-9CAC-4DA1-A2D3-9AC322764589}
	EndGlobalSection
EndGlobal
